
Microsoft Visual Studio Solution File, Format Version 12.00
# Visual Studio Version 16
VisualStudioVersion = 16.0.31613.86
MinimumVisualStudioVersion = 10.0.40219.1
Project("{FAE04EC0-301F-11D3-BF4B-00C04F79EFBC}") = "Homework 4.1", "Homework 4.1\Homework 4.1.csproj", "{1FB05A58-80EE-4A20-9DE7-0E5FF6D1444B}"
EndProject
Global
	GlobalSection(SolutionConfigurationPlatforms) = preSolution
		Debug|Any CPU = Debug|Any CPU
		Release|Any CPU = Release|Any CPU
	EndGlobalSection
	GlobalSection(ProjectConfigurationPlatforms) = postSolution
		{1FB05A58-80EE-4A20-9DE7-0E5FF6D1444B}.Debug|Any CPU.ActiveCfg = Debug|Any CPU
		{1FB05A58-80EE-4A20-9DE7-0E5FF6D1444B}.Debug|Any CPU.Build.0 = Debug|Any CPU
		{1FB05A58-80EE-4A20-9DE7-0E5FF6D1444B}.Release|Any CPU.ActiveCfg = Release|Any CPU
		{1FB05A58-80EE-4A20-9DE7-0E5FF6D1444B}.Release|Any CPU.Build.0 = Release|Any CPU
	EndGlobalSection
	GlobalSection(SolutionProperties) = preSolution
		HideSolutionNode = FALSE
	EndGlobalSection
	GlobalSection(ExtensibilityGlobals) = postSolution
		SolutionGuid = {B1ACA117-4D56-49C3-BE96-99D0FA6677AE}
	EndGlobalSection
EndGlobal
