
Microsoft Visual Studio Solution File, Format Version 12.00
# Visual Studio Version 16
VisualStudioVersion = 16.0.31424.327
MinimumVisualStudioVersion = 10.0.40219.1
Project("{FAE04EC0-301F-11D3-BF4B-00C04F79EFBC}") = "Homework 3.1", "Homework 3.1\Homework 3.1.csproj", "{84DD3020-3C5A-4A1E-B453-9A341F1657CA}"
EndProject
Global
	GlobalSection(SolutionConfigurationPlatforms) = preSolution
		Debug|Any CPU = Debug|Any CPU
		Release|Any CPU = Release|Any CPU
	EndGlobalSection
	GlobalSection(ProjectConfigurationPlatforms) = postSolution
		{84DD3020-3C5A-4A1E-B453-9A341F1657CA}.Debug|Any CPU.ActiveCfg = Debug|Any CPU
		{84DD3020-3C5A-4A1E-B453-9A341F1657CA}.Debug|Any CPU.Build.0 = Debug|Any CPU
		{84DD3020-3C5A-4A1E-B453-9A341F1657CA}.Release|Any CPU.ActiveCfg = Release|Any CPU
		{84DD3020-3C5A-4A1E-B453-9A341F1657CA}.Release|Any CPU.Build.0 = Release|Any CPU
	EndGlobalSection
	GlobalSection(SolutionProperties) = preSolution
		HideSolutionNode = FALSE
	EndGlobalSection
	GlobalSection(ExtensibilityGlobals) = postSolution
		SolutionGuid = {7116F4A2-0811-458C-8227-6F60D54B4EE3}
	EndGlobalSection
EndGlobal
